<Solution>
  <Folder Name="/Host/">
    <Project Path="src/Host/Sunder.Host.Contracts/Sunder.Host.Contracts.csproj" />
    <Project Path="src/Host/Sunder.Host.Client/Sunder.Host.Client.csproj" />
    <Project Path="src/Host/Sunder.Host.Supervisor/Sunder.Host.Supervisor.csproj" />
    <Project Path="src/Host/Sunder.Package.Hosting/Sunder.Package.Hosting.csproj" />
    <Project Path="src/Host/Sunder.App/Sunder.App.csproj" />
    <Project Path="src/Host/Sunder.Cli/Sunder.Cli.csproj" />
    <Project Path="src/Host/Sunder.Runtime.Client/Sunder.Runtime.Client.csproj" />
    <Project Path="src/Host/Sunder.Runtime.Contracts/Sunder.Runtime.Contracts.csproj" />
    <Project Path="src/Host/Sunder.Runtime.LocalState/Sunder.Runtime.LocalState.csproj" />
    <Project Path="src/Host/Sunder.Runtime.Host/Sunder.Runtime.Host.csproj" />
    <Project Path="src/Sunder.Package.Format/Sunder.Package.Format.csproj" />
    <Project Path="tests/Sunder.App.Tests/Sunder.App.Tests.csproj" />
    <Project Path="tests/Sunder.Host.Client.Tests/Sunder.Host.Client.Tests.csproj" />
    <Project Path="tests/Sunder.Host.Supervisor.Tests/Sunder.Host.Supervisor.Tests.csproj" />
    <Project Path="tests/Sunder.Cli.Tests/Sunder.Cli.Tests.csproj" />
    <Project Path="tests/Sunder.Package.Format.Tests/Sunder.Package.Format.Tests.csproj" />
    <Project Path="tests/Sunder.Runtime.Host.Tests/Sunder.Runtime.Host.Tests.csproj" />
    <Project Path="tests/Sunder.Runtime.Client.Tests/Sunder.Runtime.Client.Tests.csproj" />
  </Folder>
  <Folder Name="/Sdk/">
    <Project Path="src/Sdk/Sunder.Package.Build/Sunder.Package.Build.csproj" />
    <Project Path="src/Sdk/Sunder.Sdk/Sunder.Sdk.csproj" />
    <Project Path="src/Sdk/Sunder.Sdk.Avalonia/Sunder.Sdk.Avalonia.csproj" />
    <Project Path="src/Sdk/Sunder.Sdk.Stacks/Sunder.Sdk.Stacks.csproj" />
    <Project Path="tests/Sunder.Package.Build.Tests/Sunder.Package.Build.Tests.csproj" />
    <Project Path="tests/Sunder.Sdk.PublicApi.Tests/Sunder.Sdk.PublicApi.Tests.csproj" />
  </Folder>
  <Folder Name="/Templates/">
    <Project Path="src/Sdk/Sunder.Package.Templates/Sunder.Package.Templates.csproj" />
    <Project Path="tests/Sunder.Package.Templates.Tests/Sunder.Package.Templates.Tests.csproj" />
  </Folder>
  <Folder Name="/Documentation Samples/">
    <Project Path="docs/samples/Sunder.Package.Quickstart/Sunder.Package.Quickstart.csproj" />
  </Folder>
  <Folder Name="/Registry Contracts/">
    <Project Path="src/Sunder.Registry.Contracts/Sunder.Registry.Contracts.csproj" />
    <Project Path="tests/Sunder.Registry.Contracts.Tests/Sunder.Registry.Contracts.Tests.csproj" />
  </Folder>
</Solution>
